
Microsoft Visual Studio Solution File, Format Version 10.00
# Visual Studio 2008
Project("{FAE04EC0-301F-11D3-BF4B-00C04F79EFBC}") = "postmark-spamcheck", "postmark-spamcheck\postmark-spamcheck.csproj", "{BC2E8736-7827-46C4-9F1A-D2BAFB18C7E5}"
EndProject
Project("{FAE04EC0-301F-11D3-BF4B-00C04F79EFBC}") = "postmark-spamcheck.ConsoleApp", "postmark-spamcheck.ConsoleApp\postmark-spamcheck.ConsoleApp.csproj", "{55F29C86-62D1-40D8-A77E-357DE7561489}"
EndProject
Project("{FAE04EC0-301F-11D3-BF4B-00C04F79EFBC}") = "postmark-spamcheck.Test", "postmark-spamcheck.Test\postmark-spamcheck.Test.csproj", "{74912119-74B6-4B44-A27B-5DC42CCA2D69}"
EndProject
Global
	GlobalSection(SolutionConfigurationPlatforms) = preSolution
		Debug|Any CPU = Debug|Any CPU
		Release|Any CPU = Release|Any CPU
	EndGlobalSection
	GlobalSection(ProjectConfigurationPlatforms) = postSolution
		{55F29C86-62D1-40D8-A77E-357DE7561489}.Debug|Any CPU.ActiveCfg = Debug|Any CPU
		{55F29C86-62D1-40D8-A77E-357DE7561489}.Debug|Any CPU.Build.0 = Debug|Any CPU
		{55F29C86-62D1-40D8-A77E-357DE7561489}.Release|Any CPU.ActiveCfg = Release|Any CPU
		{55F29C86-62D1-40D8-A77E-357DE7561489}.Release|Any CPU.Build.0 = Release|Any CPU
		{74912119-74B6-4B44-A27B-5DC42CCA2D69}.Debug|Any CPU.ActiveCfg = Debug|Any CPU
		{74912119-74B6-4B44-A27B-5DC42CCA2D69}.Debug|Any CPU.Build.0 = Debug|Any CPU
		{74912119-74B6-4B44-A27B-5DC42CCA2D69}.Release|Any CPU.ActiveCfg = Release|Any CPU
		{74912119-74B6-4B44-A27B-5DC42CCA2D69}.Release|Any CPU.Build.0 = Release|Any CPU
		{BC2E8736-7827-46C4-9F1A-D2BAFB18C7E5}.Debug|Any CPU.ActiveCfg = Debug|Any CPU
		{BC2E8736-7827-46C4-9F1A-D2BAFB18C7E5}.Debug|Any CPU.Build.0 = Debug|Any CPU
		{BC2E8736-7827-46C4-9F1A-D2BAFB18C7E5}.Release|Any CPU.ActiveCfg = Release|Any CPU
		{BC2E8736-7827-46C4-9F1A-D2BAFB18C7E5}.Release|Any CPU.Build.0 = Release|Any CPU
	EndGlobalSection
	GlobalSection(MonoDevelopProperties) = preSolution
		StartupItem = postmark-spamcheck\postmark-spamcheck.csproj
	EndGlobalSection
EndGlobal
